
Microsoft Visual Studio Solution File, Format Version 12.00
Project("{FAE04EC0-301F-11D3-BF4B-00C04F79EFBC}") = "DirectoryService.Domain", "src\DirectoryService.Domain\DirectoryService.Domain.csproj", "{858D2664-4245-4BC3-9EC1-C483330D616C}"
EndProject
Project("{2150E333-8FDC-42A3-9474-1A3956D46DE8}") = "src", "src", "{12235FF6-E150-4E7A-9D78-F680E8EA99D4}"
EndProject
Project("{FAE04EC0-301F-11D3-BF4B-00C04F79EFBC}") = "DirectoryService.Application", "src\DirectoryService.Application\DirectoryService.Application.csproj", "{E7E05C14-BD11-4FC9-8842-BD68E00C1248}"
EndProject
Project("{FAE04EC0-301F-11D3-BF4B-00C04F79EFBC}") = "DirectoryService.Contracts", "src\DirectoryService.Contracts\DirectoryService.Contracts.csproj", "{ABFEEBDB-B1E1-4A97-87AE-1E49D1180516}"
EndProject
Project("{FAE04EC0-301F-11D3-BF4B-00C04F79EFBC}") = "DirectoryService.Presentation", "src\DirectoryService.Presentation\DirectoryService.Presentation.csproj", "{92BA57E2-A020-4C35-9838-6C210BAD9E0A}"
EndProject
Project("{2150E333-8FDC-42A3-9474-1A3956D46DE8}") = "SolutionItems", "SolutionItems", "{11D17D39-7C4D-4772-9623-6646D8A56C58}"
	ProjectSection(SolutionItems) = preProject
		Directory.Build.props = Directory.Build.props
		.editorconfig = .editorconfig
	EndProjectSection
EndProject
Project("{FAE04EC0-301F-11D3-BF4B-00C04F79EFBC}") = "DirectoryService.Infrastructure.Postgres", "src\DirectoryService.Infrastructure.Postgres\DirectoryService.Infrastructure.Postgres.csproj", "{A4438B71-4990-4CCE-9BDD-91887A35DC86}"
EndProject
Project("{FAE04EC0-301F-11D3-BF4B-00C04F79EFBC}") = "Shared", "src\Shared\Shared.csproj", "{5D25869C-8DF9-4FD7-BE1F-763CDD6800FF}"
EndProject
Global
	GlobalSection(SolutionConfigurationPlatforms) = preSolution
		Debug|Any CPU = Debug|Any CPU
		Release|Any CPU = Release|Any CPU
	EndGlobalSection
	GlobalSection(ProjectConfigurationPlatforms) = postSolution
		{858D2664-4245-4BC3-9EC1-C483330D616C}.Debug|Any CPU.ActiveCfg = Debug|Any CPU
		{858D2664-4245-4BC3-9EC1-C483330D616C}.Debug|Any CPU.Build.0 = Debug|Any CPU
		{858D2664-4245-4BC3-9EC1-C483330D616C}.Release|Any CPU.ActiveCfg = Release|Any CPU
		{858D2664-4245-4BC3-9EC1-C483330D616C}.Release|Any CPU.Build.0 = Release|Any CPU
		{E7E05C14-BD11-4FC9-8842-BD68E00C1248}.Debug|Any CPU.ActiveCfg = Debug|Any CPU
		{E7E05C14-BD11-4FC9-8842-BD68E00C1248}.Debug|Any CPU.Build.0 = Debug|Any CPU
		{E7E05C14-BD11-4FC9-8842-BD68E00C1248}.Release|Any CPU.ActiveCfg = Release|Any CPU
		{E7E05C14-BD11-4FC9-8842-BD68E00C1248}.Release|Any CPU.Build.0 = Release|Any CPU
		{ABFEEBDB-B1E1-4A97-87AE-1E49D1180516}.Debug|Any CPU.ActiveCfg = Debug|Any CPU
		{ABFEEBDB-B1E1-4A97-87AE-1E49D1180516}.Debug|Any CPU.Build.0 = Debug|Any CPU
		{ABFEEBDB-B1E1-4A97-87AE-1E49D1180516}.Release|Any CPU.ActiveCfg = Release|Any CPU
		{ABFEEBDB-B1E1-4A97-87AE-1E49D1180516}.Release|Any CPU.Build.0 = Release|Any CPU
		{92BA57E2-A020-4C35-9838-6C210BAD9E0A}.Debug|Any CPU.ActiveCfg = Debug|Any CPU
		{92BA57E2-A020-4C35-9838-6C210BAD9E0A}.Debug|Any CPU.Build.0 = Debug|Any CPU
		{92BA57E2-A020-4C35-9838-6C210BAD9E0A}.Release|Any CPU.ActiveCfg = Release|Any CPU
		{92BA57E2-A020-4C35-9838-6C210BAD9E0A}.Release|Any CPU.Build.0 = Release|Any CPU
		{A4438B71-4990-4CCE-9BDD-91887A35DC86}.Debug|Any CPU.ActiveCfg = Debug|Any CPU
		{A4438B71-4990-4CCE-9BDD-91887A35DC86}.Debug|Any CPU.Build.0 = Debug|Any CPU
		{A4438B71-4990-4CCE-9BDD-91887A35DC86}.Release|Any CPU.ActiveCfg = Release|Any CPU
		{A4438B71-4990-4CCE-9BDD-91887A35DC86}.Release|Any CPU.Build.0 = Release|Any CPU
		{5D25869C-8DF9-4FD7-BE1F-763CDD6800FF}.Debug|Any CPU.ActiveCfg = Debug|Any CPU
		{5D25869C-8DF9-4FD7-BE1F-763CDD6800FF}.Debug|Any CPU.Build.0 = Debug|Any CPU
		{5D25869C-8DF9-4FD7-BE1F-763CDD6800FF}.Release|Any CPU.ActiveCfg = Release|Any CPU
		{5D25869C-8DF9-4FD7-BE1F-763CDD6800FF}.Release|Any CPU.Build.0 = Release|Any CPU
	EndGlobalSection
	GlobalSection(NestedProjects) = preSolution
		{858D2664-4245-4BC3-9EC1-C483330D616C} = {12235FF6-E150-4E7A-9D78-F680E8EA99D4}
		{E7E05C14-BD11-4FC9-8842-BD68E00C1248} = {12235FF6-E150-4E7A-9D78-F680E8EA99D4}
		{ABFEEBDB-B1E1-4A97-87AE-1E49D1180516} = {12235FF6-E150-4E7A-9D78-F680E8EA99D4}
		{92BA57E2-A020-4C35-9838-6C210BAD9E0A} = {12235FF6-E150-4E7A-9D78-F680E8EA99D4}
		{A4438B71-4990-4CCE-9BDD-91887A35DC86} = {12235FF6-E150-4E7A-9D78-F680E8EA99D4}
		{5D25869C-8DF9-4FD7-BE1F-763CDD6800FF} = {12235FF6-E150-4E7A-9D78-F680E8EA99D4}
	EndGlobalSection
EndGlobal
